<?xml version="1.0" encoding="UTF-8" standalone="yes" ?>
<CodeBlocks_project_file>
	<FileVersion major="1" minor="6" />
	<Project>
		<Option title="fonction_0" />
		<Option pch_mode="2" />
		<Option compiler="gcc" />
		<Build>
			<Target title="Debug">
				<Option output="bin\Debug\fonction_0" prefix_auto="1" extension_auto="1" />
				<Option object_output="obj\Debug\" />
				<Option type="1" />
				<Option compiler="gcc" />
				<Compiler>
					<Add option="-g" />
				</Compiler>
				<Linker>
					<Add library="\C:\Program Files (x86)\CodeBlocks\SDL-1.2.15\lib\SDL_image.lib" />
					<Add library="\C:\Program Files (x86)\CodeBlocks\MinGW\mingw32\lib\SDL_ttf.lib" />
					<Add directory="C:\Program Files (x86)\CodeBlocks\MinGW\mingw32\lib" />
				</Linker>
			</Target>
			<Target title="Release">
				<Option output="bin\Release\fonction_0" prefix_auto="1" extension_auto="1" />
				<Option object_output="obj\Release\" />
				<Option type="1" />
				<Option compiler="gcc" />
				<Compiler>
					<Add option="-O2" />
				</Compiler>
				<Linker>
					<Add option="-s" />
				</Linker>
			</Target>
		</Build>
		<Compiler>
			<Add option="-Wall" />
		</Compiler>
		<Unit filename="fonction_0.c">
			<Option compilerVar="CC" />
		</Unit>
		<Unit filename="fonction_0.h" />
		<Unit filename="main.c">
			<Option compilerVar="CC" />
		</Unit>
		<Extensions>
			<code_completion />
			<debugger />
		</Extensions>
	</Project>
</CodeBlocks_project_file>
